# @generated by Move, please check-in and do not edit manually.

[move]
version = 3
manifest_digest = "41F840090C82B61B2DA435847D404D6032862A3A87D899385BD125F15F86294A"
deps_digest = "F8BBB0CCB2491CA29A3DF03D6F92277A4F3574266507ACD77214D37ECA3F3082"
dependencies = [
  { id = "Sui", name = "Sui" },
]

[[move.package]]
id = "MoveStdlib"
source = { git = "https://github.com/MystenLabs/sui.git", rev = "framework/testnet", subdir = "crates/sui-framework/packages/move-stdlib" }

[[move.package]]
id = "Sui"
source = { git = "https://github.com/MystenLabs/sui.git", rev = "framework/testnet", subdir = "crates/sui-framework/packages/sui-framework" }

dependencies = [
  { id = "MoveStdlib", name = "MoveStdlib" },
]

[move.toolchain-version]
compiler-version = "1.35.0"
edition = "2024.beta"
flavor = "sui"

[env]

[env.testnet]
chain-id = "4c78adac"
original-published-id = "0x1f287b94919e183b17caff67e629b05257fc1517b6176c375c70d9f4cdbb6462"
latest-published-id = "0x1f287b94919e183b17caff67e629b05257fc1517b6176c375c70d9f4cdbb6462"
published-version = "1"
